{
  "name": "Intex2025",
  "lockfileVersion": 3,
  "requires": true,
  "packages": {
    "": {
      "dependencies": {
        "@thumbmarkjs/thumbmarkjs": "^0.20.0"
      }
    },
    "node_modules/@thumbmarkjs/thumbmarkjs": {
      "version": "0.20.0",
      "resolved": "https://registry.npmjs.org/@thumbmarkjs/thumbmarkjs/-/thumbmarkjs-0.20.0.tgz",
      "integrity": "sha512-NCCHruUQklOkTh2Ne5FCUf+GzEZt+XbCVYtYSFE30N5MJ7EczYB46mqOwLcV1wuOEZTMH6nCgYbE3aBbAAnjVg==",
      "license": "MIT"
    }
  }
}
